
Microsoft Visual Studio Solution File, Format Version 12.00
# Visual Studio Version 17
VisualStudioVersion = 17.5.33530.505
MinimumVisualStudioVersion = 10.0.40219.1
Project("{FAE04EC0-301F-11D3-BF4B-00C04F79EFBC}") = "AnorexiaMassReporter [PRIVATE]", "AnorexiaMassReporter [PRIVATE]\AnorexiaMassReporter [PRIVATE].csproj", "{C9D502A7-3D25-48B4-82FC-1A4F1472A776}"
EndProject
Global
	GlobalSection(SolutionConfigurationPlatforms) = preSolution
		Debug|Any CPU = Debug|Any CPU
		Release|Any CPU = Release|Any CPU
	EndGlobalSection
	GlobalSection(ProjectConfigurationPlatforms) = postSolution
		{C9D502A7-3D25-48B4-82FC-1A4F1472A776}.Debug|Any CPU.ActiveCfg = Debug|Any CPU
		{C9D502A7-3D25-48B4-82FC-1A4F1472A776}.Debug|Any CPU.Build.0 = Debug|Any CPU
		{C9D502A7-3D25-48B4-82FC-1A4F1472A776}.Release|Any CPU.ActiveCfg = Release|Any CPU
		{C9D502A7-3D25-48B4-82FC-1A4F1472A776}.Release|Any CPU.Build.0 = Release|Any CPU
	EndGlobalSection
	GlobalSection(SolutionProperties) = preSolution
		HideSolutionNode = FALSE
	EndGlobalSection
	GlobalSection(ExtensibilityGlobals) = postSolution
		SolutionGuid = {EB79C606-15DC-462A-ABF5-13193A27AC13}
	EndGlobalSection
EndGlobal
